
Microsoft Visual Studio Solution File, Format Version 12.00
# Visual Studio Version 17
VisualStudioVersion = 17.4.33213.308
MinimumVisualStudioVersion = 10.0.40219.1
Project("{9A19103F-16F7-4668-BE54-9A1E7A4F7556}") = "EQUOR", "EQUOR\EQUOR.csproj", "{5B7F5E2F-50CD-41AA-8635-4FD447A80EF5}"
EndProject
Global
	GlobalSection(SolutionConfigurationPlatforms) = preSolution
		Debug|Any CPU = Debug|Any CPU
		Release|Any CPU = Release|Any CPU
	EndGlobalSection
	GlobalSection(ProjectConfigurationPlatforms) = postSolution
		{5B7F5E2F-50CD-41AA-8635-4FD447A80EF5}.Debug|Any CPU.ActiveCfg = Debug|Any CPU
		{5B7F5E2F-50CD-41AA-8635-4FD447A80EF5}.Debug|Any CPU.Build.0 = Debug|Any CPU
		{5B7F5E2F-50CD-41AA-8635-4FD447A80EF5}.Release|Any CPU.ActiveCfg = Release|Any CPU
		{5B7F5E2F-50CD-41AA-8635-4FD447A80EF5}.Release|Any CPU.Build.0 = Release|Any CPU
	EndGlobalSection
	GlobalSection(SolutionProperties) = preSolution
		HideSolutionNode = FALSE
	EndGlobalSection
	GlobalSection(ExtensibilityGlobals) = postSolution
		SolutionGuid = {C65EE220-833A-4DCA-BFE0-4D92C59C5F92}
	EndGlobalSection
EndGlobal
